{
  "name": "admin-resources",
  "version": "0.0.1",
  "lockfileVersion": 2,
  "requires": true,
  "packages": {
    "": {
      "name": "admin-resources",
      "version": "0.0.1",
      "license": "ISC",
      "dependencies": {
        "admin-resources": "file:"
      }
    },
    "node_modules/admin-resources": {
      "resolved": "",
      "link": true
    }
  },
  "dependencies": {
    "admin-resources": {
      "version": "file:",
      "requires": {
        "admin-resources": "file:"
      }
    }
  }
}
