{
  "name": "@curiosityx/bootstrap-session-timeout",
  "version": "1.0.0",
  "lockfileVersion": 2,
  "requires": true,
  "packages": {
    "": {
      "name": "@curiosityx/bootstrap-session-timeout",
      "version": "1.0.0",
      "dependencies": {
        "@curiosityx/bootstrap-session-timeout": "file:"
      }
    },
    "node_modules/@curiosityx/bootstrap-session-timeout": {
      "resolved": "",
      "link": true
    }
  },
  "dependencies": {
    "@curiosityx/bootstrap-session-timeout": {
      "version": "file:",
      "requires": {
        "@curiosityx/bootstrap-session-timeout": "file:"
      }
    }
  }
}
