{
    "name": "datatables.net-autofill-bs4",
    "version": "2.7.0",
    "lockfileVersion": 2,
    "requires": true,
    "packages": {
        "": {
            "name": "datatables.net-autofill-bs4",
            "version": "2.7.0",
            "license": "MIT",
            "dependencies": {
                "datatables.net-autofill": "2.7.0",
                "datatables.net-autofill-bs4": "file:",
                "datatables.net-bs4": ">=1.11",
                "jquery": ">=1.7"
            }
        },
        "node_modules/datatables.net": {
            "version": "2.2.2",
            "resolved": "https://registry.npmjs.org/datatables.net/-/datatables.net-2.2.2.tgz",
            "integrity": "sha512-gfODIKE3gpgbVeZy2QGj2Dq9roO6hy00S+k1knklrqlMyAMrh1wt0Q6ryBUM7gU96U77ysbq8dYhxFdmcC/oPQ==",
            "dependencies": {
                "jquery": ">=1.7"
            }
        },
        "node_modules/datatables.net-autofill": {
            "version": "2.7.0",
            "resolved": "https://registry.npmjs.org/datatables.net-autofill/-/datatables.net-autofill-2.7.0.tgz",
            "integrity": "sha512-zy7Jglke0VXu7RzyGYufMLLlSJkhr+rWJubBw0cozlaXtrqR2CNjY8LBBJA19GwBeoDCNrbojNge0YN8l44b8g==",
            "dependencies": {
                "datatables.net": ">=1.11",
                "jquery": ">=1.7"
            }
        },
        "node_modules/datatables.net-autofill-bs4": {
            "resolved": "",
            "link": true
        },
        "node_modules/datatables.net-bs4": {
            "version": "2.2.2",
            "resolved": "https://registry.npmjs.org/datatables.net-bs4/-/datatables.net-bs4-2.2.2.tgz",
            "integrity": "sha512-BrG2e4HVgtLydGWXLjnvniNfd4U537KKbRIyfS2PZ+y0pnjA+jIbYynceJWV4xGPA31XhWnqaJumTIfAPUVhxA==",
            "dependencies": {
                "datatables.net": "2.2.2",
                "jquery": ">=1.7"
            }
        },
        "node_modules/jquery": {
            "version": "3.7.1",
            "resolved": "https://registry.npmjs.org/jquery/-/jquery-3.7.1.tgz",
            "integrity": "sha512-m4avr8yL8kmFN8psrbFFFmB/If14iN5o9nw/NgnnM+kybDJpRsAynV2BsfpTYrTRysYUdADVD7CkUUizgkpLfg=="
        }
    },
    "dependencies": {
        "datatables.net": {
            "version": "2.2.2",
            "resolved": "https://registry.npmjs.org/datatables.net/-/datatables.net-2.2.2.tgz",
            "integrity": "sha512-gfODIKE3gpgbVeZy2QGj2Dq9roO6hy00S+k1knklrqlMyAMrh1wt0Q6ryBUM7gU96U77ysbq8dYhxFdmcC/oPQ==",
            "requires": {
                "jquery": ">=1.7"
            }
        },
        "datatables.net-autofill": {
            "version": "2.7.0",
            "resolved": "https://registry.npmjs.org/datatables.net-autofill/-/datatables.net-autofill-2.7.0.tgz",
            "integrity": "sha512-zy7Jglke0VXu7RzyGYufMLLlSJkhr+rWJubBw0cozlaXtrqR2CNjY8LBBJA19GwBeoDCNrbojNge0YN8l44b8g==",
            "requires": {
                "datatables.net": ">=1.11",
                "jquery": ">=1.7"
            }
        },
        "datatables.net-autofill-bs4": {
            "version": "file:",
            "requires": {
                "datatables.net-autofill": "2.7.0",
                "datatables.net-autofill-bs4": "file:",
                "datatables.net-bs4": ">=1.11",
                "jquery": ">=1.7"
            },
            "dependencies": {
                "datatables.net": {
                    "version": "2.2.2",
                    "resolved": "https://registry.npmjs.org/datatables.net/-/datatables.net-2.2.2.tgz",
                    "integrity": "sha512-gfODIKE3gpgbVeZy2QGj2Dq9roO6hy00S+k1knklrqlMyAMrh1wt0Q6ryBUM7gU96U77ysbq8dYhxFdmcC/oPQ==",
                    "requires": {
                        "jquery": ">=1.7"
                    }
                },
                "datatables.net-autofill": {
                    "version": "2.7.0",
                    "resolved": "https://registry.npmjs.org/datatables.net-autofill/-/datatables.net-autofill-2.7.0.tgz",
                    "integrity": "sha512-zy7Jglke0VXu7RzyGYufMLLlSJkhr+rWJubBw0cozlaXtrqR2CNjY8LBBJA19GwBeoDCNrbojNge0YN8l44b8g==",
                    "requires": {
                        "datatables.net": ">=1.11",
                        "jquery": ">=1.7"
                    }
                },
                "datatables.net-bs4": {
                    "version": "2.2.2",
                    "resolved": "https://registry.npmjs.org/datatables.net-bs4/-/datatables.net-bs4-2.2.2.tgz",
                    "integrity": "sha512-BrG2e4HVgtLydGWXLjnvniNfd4U537KKbRIyfS2PZ+y0pnjA+jIbYynceJWV4xGPA31XhWnqaJumTIfAPUVhxA==",
                    "requires": {
                        "datatables.net": "2.2.2",
                        "jquery": ">=1.7"
                    }
                },
                "jquery": {
                    "version": "3.7.1",
                    "resolved": "https://registry.npmjs.org/jquery/-/jquery-3.7.1.tgz",
                    "integrity": "sha512-m4avr8yL8kmFN8psrbFFFmB/If14iN5o9nw/NgnnM+kybDJpRsAynV2BsfpTYrTRysYUdADVD7CkUUizgkpLfg=="
                }
            }
        },
        "datatables.net-bs4": {
            "version": "2.2.2",
            "resolved": "https://registry.npmjs.org/datatables.net-bs4/-/datatables.net-bs4-2.2.2.tgz",
            "integrity": "sha512-BrG2e4HVgtLydGWXLjnvniNfd4U537KKbRIyfS2PZ+y0pnjA+jIbYynceJWV4xGPA31XhWnqaJumTIfAPUVhxA==",
            "requires": {
                "datatables.net": "2.2.2",
                "jquery": ">=1.7"
            }
        },
        "jquery": {
            "version": "3.7.1",
            "resolved": "https://registry.npmjs.org/jquery/-/jquery-3.7.1.tgz",
            "integrity": "sha512-m4avr8yL8kmFN8psrbFFFmB/If14iN5o9nw/NgnnM+kybDJpRsAynV2BsfpTYrTRysYUdADVD7CkUUizgkpLfg=="
        }
    }
}
