{
  "name": "bootstrap-editable",
  "version": "1.0.1",
  "lockfileVersion": 2,
  "requires": true,
  "packages": {
    "": {
      "name": "bootstrap-editable",
      "version": "1.0.1",
      "license": "MIT",
      "dependencies": {
        "bootstrap-editable": "file:"
      }
    },
    "node_modules/bootstrap-editable": {
      "resolved": "",
      "link": true
    }
  },
  "dependencies": {
    "bootstrap-editable": {
      "version": "file:",
      "requires": {
        "bootstrap-editable": "file:"
      }
    }
  }
}
